<?xml version="1.0" encoding="utf-8"?>
<Project ToolsVersion="4.0" xmlns="http://schemas.microsoft.com/developer/msbuild/2003">
  <ItemGroup>
    <ClCompile Include="Main.cpp" />
    <ClCompile Include="Registrar.cpp" />
    <ClCompile Include="Actions\ActionAddCourse.cpp">
      <Filter>Actions</Filter>
    </ClCompile>
    <ClCompile Include="Actions\ActionAddNotes.cpp">
      <Filter>Actions</Filter>
    </ClCompile>
    <ClCompile Include="ActionAddPetition.cpp">
      <Filter>Actions</Filter>
    </ClCompile>
    <ClCompile Include="Actions\ActionCalculateGPA.cpp">
      <Filter>Actions</Filter>
    </ClCompile>
    <ClCompile Include="Actions\ActionChangeCode.cpp">
      <Filter>Actions</Filter>
    </ClCompile>
    <ClCompile Include="ActionChangePlan.cpp">
      <Filter>Actions</Filter>
    </ClCompile>
    <ClCompile Include="ActionCourseStatus.cpp">
      <Filter>Actions</Filter>
    </ClCompile>
    <ClCompile Include="Actions\ActionDeleteCourse.cpp">
      <Filter>Actions</Filter>
    </ClCompile>
    <ClCompile Include="ActionDouble.cpp">
      <Filter>Actions</Filter>
    </ClCompile>
    <ClCompile Include="Actions\ActionErrors.cpp">
      <Filter>Actions</Filter>
    </ClCompile>
    <ClCompile Include="Actions\ActionFilters.cpp">
      <Filter>Actions</Filter>
    </ClCompile>
    <ClCompile Include="ActionGrade.cpp">
      <Filter>Actions</Filter>
    </ClCompile>
    <ClCompile Include="Actions\ActionImportStudyPlan.cpp">
      <Filter>Actions</Filter>
    </ClCompile>
    <ClCompile Include="Actions\ActionMinorDec.cpp">
      <Filter>Actions</Filter>
    </ClCompile>
    <ClCompile Include="Actions\ActionReorder.cpp">
      <Filter>Actions</Filter>
    </ClCompile>
    <ClCompile Include="Actions\ActionSavePlan.cpp">
      <Filter>Actions</Filter>
    </ClCompile>
    <ClCompile Include="Actions\ActionShowCourseInfo.cpp">
      <Filter>Actions</Filter>
    </ClCompile>
    <ClCompile Include="ActionShowDependencies.cpp">
      <Filter>Actions</Filter>
    </ClCompile>
    <ClCompile Include="GUI\CMUgraphicsLib\CMUgraphics.cpp">
      <Filter>GUI\CMU</Filter>
    </ClCompile>
    <ClCompile Include="GUI\CMUgraphicsLib\colors.cpp">
      <Filter>GUI\CMU</Filter>
    </ClCompile>
    <ClCompile Include="Courses\Course.cpp">
      <Filter>study plan</Filter>
    </ClCompile>
    <ClCompile Include="Actions\exit.cpp">
      <Filter>Actions</Filter>
    </ClCompile>
    <ClCompile Include="GUI\GUI.cpp">
      <Filter>GUI</Filter>
    </ClCompile>
    <ClCompile Include="GUI\CMUgraphicsLib\image.cpp">
      <Filter>GUI\CMU</Filter>
    </ClCompile>
    <ClCompile Include="ImportCatalog.cpp">
      <Filter>Imports</Filter>
    </ClCompile>
    <ClCompile Include="ImportOffering.cpp">
      <Filter>Imports</Filter>
    </ClCompile>
    <ClCompile Include="ImportRequiements.cpp">
      <Filter>Imports</Filter>
    </ClCompile>
    <ClCompile Include="ImportStudyPlan.cpp">
      <Filter>Imports</Filter>
    </ClCompile>
    <ClCompile Include="GUI\CMUgraphicsLib\jpeg\jcomapi.c">
      <Filter>GUI\CMU</Filter>
    </ClCompile>
    <ClCompile Include="GUI\CMUgraphicsLib\jpeg\jcparam.c">
      <Filter>GUI\CMU</Filter>
    </ClCompile>
    <ClCompile Include="GUI\CMUgraphicsLib\jpeg\jdapimin.c">
      <Filter>GUI\CMU</Filter>
    </ClCompile>
    <ClCompile Include="GUI\CMUgraphicsLib\jpeg\jdapistd.c">
      <Filter>GUI\CMU</Filter>
    </ClCompile>
    <ClCompile Include="GUI\CMUgraphicsLib\jpeg\jdatasrc.c">
      <Filter>GUI\CMU</Filter>
    </ClCompile>
    <ClCompile Include="GUI\CMUgraphicsLib\jpeg\jdcoefct.c">
      <Filter>GUI\CMU</Filter>
    </ClCompile>
    <ClCompile Include="GUI\CMUgraphicsLib\jpeg\jdcolor.c">
      <Filter>GUI\CMU</Filter>
    </ClCompile>
    <ClCompile Include="GUI\CMUgraphicsLib\jpeg\jddctmgr.c">
      <Filter>GUI\CMU</Filter>
    </ClCompile>
    <ClCompile Include="GUI\CMUgraphicsLib\jpeg\jdhuff.c">
      <Filter>GUI\CMU</Filter>
    </ClCompile>
    <ClCompile Include="GUI\CMUgraphicsLib\jpeg\jdinput.c">
      <Filter>GUI\CMU</Filter>
    </ClCompile>
    <ClCompile Include="GUI\CMUgraphicsLib\jpeg\jdmainct.c">
      <Filter>GUI\CMU</Filter>
    </ClCompile>
    <ClCompile Include="GUI\CMUgraphicsLib\jpeg\jdmarker.c">
      <Filter>GUI\CMU</Filter>
    </ClCompile>
    <ClCompile Include="GUI\CMUgraphicsLib\jpeg\jdmaster.c">
      <Filter>GUI\CMU</Filter>
    </ClCompile>
    <ClCompile Include="GUI\CMUgraphicsLib\jpeg\jdmerge.c">
      <Filter>GUI\CMU</Filter>
    </ClCompile>
    <ClCompile Include="GUI\CMUgraphicsLib\jpeg\jdphuff.c">
      <Filter>GUI\CMU</Filter>
    </ClCompile>
    <ClCompile Include="GUI\CMUgraphicsLib\jpeg\jdpostct.c">
      <Filter>GUI\CMU</Filter>
    </ClCompile>
    <ClCompile Include="GUI\CMUgraphicsLib\jpeg\jdsample.c">
      <Filter>GUI\CMU</Filter>
    </ClCompile>
    <ClCompile Include="GUI\CMUgraphicsLib\jpeg\jdtrans.c">
      <Filter>GUI\CMU</Filter>
    </ClCompile>
    <ClCompile Include="GUI\CMUgraphicsLib\jpeg\jerror.c">
      <Filter>GUI\CMU</Filter>
    </ClCompile>
    <ClCompile Include="GUI\CMUgraphicsLib\jpeg\jidctflt.c">
      <Filter>GUI\CMU</Filter>
    </ClCompile>
    <ClCompile Include="GUI\CMUgraphicsLib\jpeg\jidctfst.c">
      <Filter>GUI\CMU</Filter>
    </ClCompile>
    <ClCompile Include="GUI\CMUgraphicsLib\jpeg\jidctint.c">
      <Filter>GUI\CMU</Filter>
    </ClCompile>
    <ClCompile Include="GUI\CMUgraphicsLib\jpeg\jidctred.c">
      <Filter>GUI\CMU</Filter>
    </ClCompile>
    <ClCompile Include="GUI\CMUgraphicsLib\jpeg\jmemmgr.c">
      <Filter>GUI\CMU</Filter>
    </ClCompile>
    <ClCompile Include="GUI\CMUgraphicsLib\jpeg\jmemnobs.c">
      <Filter>GUI\CMU</Filter>
    </ClCompile>
    <ClCompile Include="GUI\CMUgraphicsLib\jpegload.c">
      <Filter>GUI\CMU</Filter>
    </ClCompile>
    <ClCompile Include="GUI\CMUgraphicsLib\jpeg\jquant1.c">
      <Filter>GUI\CMU</Filter>
    </ClCompile>
    <ClCompile Include="GUI\CMUgraphicsLib\jpeg\jquant2.c">
      <Filter>GUI\CMU</Filter>
    </ClCompile>
    <ClCompile Include="GUI\CMUgraphicsLib\jpeg\jutils.c">
      <Filter>GUI\CMU</Filter>
    </ClCompile>
    <ClCompile Include="GUI\CMUgraphicsLib\keyqueue.cpp">
      <Filter>GUI\CMU</Filter>
    </ClCompile>
    <ClCompile Include="GUI\CMUgraphicsLib\mousequeue.cpp">
      <Filter>GUI\CMU</Filter>
    </ClCompile>
    <ClCompile Include="StudyPlan\StudyPlan.cpp">
      <Filter>study plan</Filter>
    </ClCompile>
    <ClCompile Include="Notes.cpp">
      <Filter>study plan</Filter>
    </ClCompile>
    <ClCompile Include="Source.cpp">
      <Filter>GUI\CMU</Filter>
    </ClCompile>
    <ClCompile Include="GUI\CMUgraphicsLib\windowinput.cpp">
      <Filter>GUI\CMU</Filter>
    </ClCompile>
    <ClCompile Include="GUI\Drawable.cpp">
      <Filter>GUI</Filter>
    </ClCompile>
    <ClCompile Include="StudyPlan\AcademicYear.cpp">
      <Filter>study plan</Filter>
    </ClCompile>
  </ItemGroup>
  <ItemGroup>
    <ClInclude Include="DEFs.h" />
    <ClInclude Include="Registrar.h" />
    <ClInclude Include="Rules.h" />
    <ClInclude Include="Actions\Action.h">
      <Filter>Actions</Filter>
    </ClInclude>
    <ClInclude Include="Actions\ActionAddCourse.h">
      <Filter>Actions</Filter>
    </ClInclude>
    <ClInclude Include="Actions\ActionAddNotes.h">
      <Filter>Actions</Filter>
    </ClInclude>
    <ClInclude Include="ActionAddPetition.h">
      <Filter>Actions</Filter>
    </ClInclude>
    <ClInclude Include="Actions\ActionCalculateGPA.h">
      <Filter>Actions</Filter>
    </ClInclude>
    <ClInclude Include="Actions\ActionChangeCode.h">
      <Filter>Actions</Filter>
    </ClInclude>
    <ClInclude Include="ActionChangePlan.h">
      <Filter>Actions</Filter>
    </ClInclude>
    <ClInclude Include="ActionCourseStatus.h">
      <Filter>Actions</Filter>
    </ClInclude>
    <ClInclude Include="Actions\ActionDeleteCourse.h">
      <Filter>Actions</Filter>
    </ClInclude>
    <ClInclude Include="ActionDouble.h">
      <Filter>Actions</Filter>
    </ClInclude>
    <ClInclude Include="Actions\ActionErrors.h">
      <Filter>Actions</Filter>
    </ClInclude>
    <ClInclude Include="Actions\ActionFilters.h">
      <Filter>Actions</Filter>
    </ClInclude>
    <ClInclude Include="ActionGrade.h">
      <Filter>Actions</Filter>
    </ClInclude>
    <ClInclude Include="Actions\ActionImportStudyPlan.h">
      <Filter>Actions</Filter>
    </ClInclude>
    <ClInclude Include="Actions\ActionMinorDec.h">
      <Filter>Actions</Filter>
    </ClInclude>
    <ClInclude Include="Actions\ActionReorder.h">
      <Filter>Actions</Filter>
    </ClInclude>
    <ClInclude Include="Actions\ActionSavePlan.h">
      <Filter>Actions</Filter>
    </ClInclude>
    <ClInclude Include="Actions\ActionShowCourseInfo.h">
      <Filter>Actions</Filter>
    </ClInclude>
    <ClInclude Include="ActionShowDependencies.h">
      <Filter>Actions</Filter>
    </ClInclude>
    <ClInclude Include="GUI\CMUgraphicsLib\CMUgraphics.h">
      <Filter>GUI\CMU</Filter>
    </ClInclude>
    <ClInclude Include="GUI\CMUgraphicsLib\colors.h">
      <Filter>GUI\CMU</Filter>
    </ClInclude>
    <ClInclude Include="Courses\Course.h">
      <Filter>study plan</Filter>
    </ClInclude>
    <ClInclude Include="GUI\CMUgraphicsLib\error.h">
      <Filter>GUI\CMU</Filter>
    </ClInclude>
    <ClInclude Include="Actions\exit.h">
      <Filter>Actions</Filter>
    </ClInclude>
    <ClInclude Include="GUI\GUI.h">
      <Filter>GUI</Filter>
    </ClInclude>
    <ClInclude Include="GUI\CMUgraphicsLib\image.h">
      <Filter>GUI\CMU</Filter>
    </ClInclude>
    <ClInclude Include="ImportCatalog.h">
      <Filter>Imports</Filter>
    </ClInclude>
    <ClInclude Include="ImportOffering.h">
      <Filter>Imports</Filter>
    </ClInclude>
    <ClInclude Include="ImportRequiements.h">
      <Filter>Imports</Filter>
    </ClInclude>
    <ClInclude Include="ImportStudyPlan.h">
      <Filter>Imports</Filter>
    </ClInclude>
    <ClInclude Include="GUI\CMUgraphicsLib\jpeg\jconfig.h">
      <Filter>GUI\CMU</Filter>
    </ClInclude>
    <ClInclude Include="GUI\CMUgraphicsLib\jpeg\jdct.h">
      <Filter>GUI\CMU</Filter>
    </ClInclude>
    <ClInclude Include="GUI\CMUgraphicsLib\jpeg\jdhuff.h">
      <Filter>GUI\CMU</Filter>
    </ClInclude>
    <ClInclude Include="GUI\CMUgraphicsLib\jpeg\jerror.h">
      <Filter>GUI\CMU</Filter>
    </ClInclude>
    <ClInclude Include="GUI\CMUgraphicsLib\jpeg\jinclude.h">
      <Filter>GUI\CMU</Filter>
    </ClInclude>
    <ClInclude Include="GUI\CMUgraphicsLib\jpeg\jmemsys.h">
      <Filter>GUI\CMU</Filter>
    </ClInclude>
    <ClInclude Include="GUI\CMUgraphicsLib\jpeg\jmorecfg.h">
      <Filter>GUI\CMU</Filter>
    </ClInclude>
    <ClInclude Include="GUI\CMUgraphicsLib\jpeg\jpegint.h">
      <Filter>GUI\CMU</Filter>
    </ClInclude>
    <ClInclude Include="GUI\CMUgraphicsLib\jpeg\jpeglib.h">
      <Filter>GUI\CMU</Filter>
    </ClInclude>
    <ClInclude Include="GUI\CMUgraphicsLib\jpegload.h">
      <Filter>GUI\CMU</Filter>
    </ClInclude>
    <ClInclude Include="GUI\CMUgraphicsLib\jpeg\jversion.h">
      <Filter>GUI\CMU</Filter>
    </ClInclude>
    <ClInclude Include="GUI\CMUgraphicsLib\keyqueue.h">
      <Filter>GUI\CMU</Filter>
    </ClInclude>
    <ClInclude Include="GUI\CMUgraphicsLib\mousequeue.h">
      <Filter>GUI\CMU</Filter>
    </ClInclude>
    <ClInclude Include="StudyPlan\StudyPlan.h">
      <Filter>study plan</Filter>
    </ClInclude>
    <ClInclude Include="Notes.h">
      <Filter>study plan</Filter>
    </ClInclude>
    <ClInclude Include="GUI\CMUgraphicsLib\version.h">
      <Filter>GUI\CMU</Filter>
    </ClInclude>
    <ClInclude Include="GUI\CMUgraphicsLib\windowinput.h">
      <Filter>GUI\CMU</Filter>
    </ClInclude>
    <ClInclude Include="GUI\Drawable.h">
      <Filter>GUI</Filter>
    </ClInclude>
    <ClInclude Include="StudyPlan\AcademicYear.h">
      <Filter>study plan</Filter>
    </ClInclude>
  </ItemGroup>
  <ItemGroup>
    <None Include="ClassDiagram.cd" />
  </ItemGroup>
  <ItemGroup>
    <Text Include="GUI\CMUgraphicsLib\Manual.txt">
      <Filter>GUI\CMU</Filter>
    </Text>
    <Text Include="GUI\CMUgraphicsLib\Readme.txt">
      <Filter>GUI\CMU</Filter>
    </Text>
  </ItemGroup>
  <ItemGroup>
    <Filter Include="Actions">
      <UniqueIdentifier>{bf5c04a2-d029-4357-91f7-2a5f3ca336ac}</UniqueIdentifier>
    </Filter>
    <Filter Include="GUI">
      <UniqueIdentifier>{903dbd75-a948-41fb-bab4-abb2121afc4c}</UniqueIdentifier>
    </Filter>
    <Filter Include="GUI\CMU">
      <UniqueIdentifier>{cf401671-8ac0-422d-b2fb-db14c9d6b394}</UniqueIdentifier>
    </Filter>
    <Filter Include="study plan">
      <UniqueIdentifier>{1ebb6a90-7994-4c3d-a7d9-ce51cc333834}</UniqueIdentifier>
    </Filter>
    <Filter Include="Imports">
      <UniqueIdentifier>{fa313acc-4481-4e42-88ee-134bd963cb6a}</UniqueIdentifier>
    </Filter>
  </ItemGroup>
</Project>