<?xml version="1.0" encoding="utf-8"?>
<Project ToolsVersion="4.0" xmlns="http://schemas.microsoft.com/developer/msbuild/2003">
  <ItemGroup>
    <ClCompile Include="functions.cpp" />
    <ClCompile Include="Main.cpp" />
    <ClCompile Include="Notes.cpp" />
    <ClCompile Include="Registrar.cpp" />
    <ClCompile Include="StudyPlan\StudyPlan.cpp" />
    <ClCompile Include="Actions\exit.cpp" />
    <ClCompile Include="StudyPlan\AcademicYear.cpp">
      <Filter>Actions</Filter>
    </ClCompile>
    <ClCompile Include="Actions\ActionAddCourse.cpp">
      <Filter>Actions</Filter>
    </ClCompile>
    <ClCompile Include="Actions\ActionAddNotes.cpp">
      <Filter>Actions</Filter>
    </ClCompile>
    <ClCompile Include="Actions\ActionChangeCode.cpp">
      <Filter>Actions</Filter>
    </ClCompile>
    <ClCompile Include="Actions\ActionDeleteCourse.cpp">
      <Filter>Actions</Filter>
    </ClCompile>
    <ClCompile Include="Actions\ActionImportStudyPlan.cpp">
      <Filter>Actions</Filter>
    </ClCompile>
    <ClCompile Include="Actions\ActionReorder.cpp">
      <Filter>Actions</Filter>
    </ClCompile>
    <ClCompile Include="Actions\ActionSavePlan.cpp">
      <Filter>Actions</Filter>
    </ClCompile>
    <ClCompile Include="Actions\ActionShowCourseInfo.cpp">
      <Filter>Actions</Filter>
    </ClCompile>
    <ClCompile Include="Courses\Course.cpp">
      <Filter>Courses</Filter>
    </ClCompile>
    <ClCompile Include="Courses\MajorCourse.cpp">
      <Filter>Courses</Filter>
    </ClCompile>
    <ClCompile Include="Courses\TrackCourse.cpp">
      <Filter>Courses</Filter>
    </ClCompile>
    <ClCompile Include="Courses\UnivCourse.cpp">
      <Filter>Courses</Filter>
    </ClCompile>
    <ClCompile Include="GUI\Drawable.cpp">
      <Filter>GUI</Filter>
    </ClCompile>
    <ClCompile Include="GUI\GUI.cpp">
      <Filter>GUI</Filter>
    </ClCompile>
    <ClCompile Include="GUI\CMUgraphicsLib\image.cpp">
      <Filter>GUI\CMUgraphicsLib</Filter>
    </ClCompile>
    <ClCompile Include="GUI\CMUgraphicsLib\colors.cpp">
      <Filter>GUI\CMUgraphicsLib</Filter>
    </ClCompile>
    <ClCompile Include="GUI\CMUgraphicsLib\CMUgraphics.cpp">
      <Filter>GUI\CMUgraphicsLib</Filter>
    </ClCompile>
    <ClCompile Include="GUI\CMUgraphicsLib\jpegload.c">
      <Filter>GUI\CMUgraphicsLib</Filter>
    </ClCompile>
    <ClCompile Include="GUI\CMUgraphicsLib\keyqueue.cpp">
      <Filter>GUI\CMUgraphicsLib</Filter>
    </ClCompile>
    <ClCompile Include="GUI\CMUgraphicsLib\mousequeue.cpp">
      <Filter>GUI\CMUgraphicsLib</Filter>
    </ClCompile>
    <ClCompile Include="GUI\CMUgraphicsLib\windowinput.cpp">
      <Filter>GUI\CMUgraphicsLib</Filter>
    </ClCompile>
    <ClCompile Include="GUI\CMUgraphicsLib\jpeg\jidctfst.c">
      <Filter>GUI\CMUgraphicsLib\jpeg</Filter>
    </ClCompile>
    <ClCompile Include="GUI\CMUgraphicsLib\jpeg\jcomapi.c">
      <Filter>GUI\CMUgraphicsLib\jpeg</Filter>
    </ClCompile>
    <ClCompile Include="GUI\CMUgraphicsLib\jpeg\jcparam.c">
      <Filter>GUI\CMUgraphicsLib\jpeg</Filter>
    </ClCompile>
    <ClCompile Include="GUI\CMUgraphicsLib\jpeg\jdapimin.c">
      <Filter>GUI\CMUgraphicsLib\jpeg</Filter>
    </ClCompile>
    <ClCompile Include="GUI\CMUgraphicsLib\jpeg\jdapistd.c">
      <Filter>GUI\CMUgraphicsLib\jpeg</Filter>
    </ClCompile>
    <ClCompile Include="GUI\CMUgraphicsLib\jpeg\jdatasrc.c">
      <Filter>GUI\CMUgraphicsLib\jpeg</Filter>
    </ClCompile>
    <ClCompile Include="GUI\CMUgraphicsLib\jpeg\jdcoefct.c">
      <Filter>GUI\CMUgraphicsLib\jpeg</Filter>
    </ClCompile>
    <ClCompile Include="GUI\CMUgraphicsLib\jpeg\jdcolor.c">
      <Filter>GUI\CMUgraphicsLib\jpeg</Filter>
    </ClCompile>
    <ClCompile Include="GUI\CMUgraphicsLib\jpeg\jddctmgr.c">
      <Filter>GUI\CMUgraphicsLib\jpeg</Filter>
    </ClCompile>
    <ClCompile Include="GUI\CMUgraphicsLib\jpeg\jdhuff.c">
      <Filter>GUI\CMUgraphicsLib\jpeg</Filter>
    </ClCompile>
    <ClCompile Include="GUI\CMUgraphicsLib\jpeg\jdinput.c">
      <Filter>GUI\CMUgraphicsLib\jpeg</Filter>
    </ClCompile>
    <ClCompile Include="GUI\CMUgraphicsLib\jpeg\jdmainct.c">
      <Filter>GUI\CMUgraphicsLib\jpeg</Filter>
    </ClCompile>
    <ClCompile Include="GUI\CMUgraphicsLib\jpeg\jdmarker.c">
      <Filter>GUI\CMUgraphicsLib\jpeg</Filter>
    </ClCompile>
    <ClCompile Include="GUI\CMUgraphicsLib\jpeg\jdmaster.c">
      <Filter>GUI\CMUgraphicsLib\jpeg</Filter>
    </ClCompile>
    <ClCompile Include="GUI\CMUgraphicsLib\jpeg\jdmerge.c">
      <Filter>GUI\CMUgraphicsLib\jpeg</Filter>
    </ClCompile>
    <ClCompile Include="GUI\CMUgraphicsLib\jpeg\jdphuff.c">
      <Filter>GUI\CMUgraphicsLib\jpeg</Filter>
    </ClCompile>
    <ClCompile Include="GUI\CMUgraphicsLib\jpeg\jdpostct.c">
      <Filter>GUI\CMUgraphicsLib\jpeg</Filter>
    </ClCompile>
    <ClCompile Include="GUI\CMUgraphicsLib\jpeg\jdsample.c">
      <Filter>GUI\CMUgraphicsLib\jpeg</Filter>
    </ClCompile>
    <ClCompile Include="GUI\CMUgraphicsLib\jpeg\jdtrans.c">
      <Filter>GUI\CMUgraphicsLib\jpeg</Filter>
    </ClCompile>
    <ClCompile Include="GUI\CMUgraphicsLib\jpeg\jerror.c">
      <Filter>GUI\CMUgraphicsLib\jpeg</Filter>
    </ClCompile>
    <ClCompile Include="GUI\CMUgraphicsLib\jpeg\jidctflt.c">
      <Filter>GUI\CMUgraphicsLib\jpeg</Filter>
    </ClCompile>
    <ClCompile Include="GUI\CMUgraphicsLib\jpeg\jidctint.c">
      <Filter>GUI\CMUgraphicsLib\jpeg</Filter>
    </ClCompile>
    <ClCompile Include="GUI\CMUgraphicsLib\jpeg\jidctred.c">
      <Filter>GUI\CMUgraphicsLib\jpeg</Filter>
    </ClCompile>
    <ClCompile Include="GUI\CMUgraphicsLib\jpeg\jmemnobs.c">
      <Filter>GUI\CMUgraphicsLib\jpeg</Filter>
    </ClCompile>
    <ClCompile Include="GUI\CMUgraphicsLib\jpeg\jmemmgr.c">
      <Filter>GUI\CMUgraphicsLib\jpeg</Filter>
    </ClCompile>
    <ClCompile Include="GUI\CMUgraphicsLib\jpeg\jquant1.c">
      <Filter>GUI\CMUgraphicsLib\jpeg</Filter>
    </ClCompile>
    <ClCompile Include="GUI\CMUgraphicsLib\jpeg\jquant2.c">
      <Filter>GUI\CMUgraphicsLib\jpeg</Filter>
    </ClCompile>
    <ClCompile Include="GUI\CMUgraphicsLib\jpeg\jutils.c">
      <Filter>GUI\CMUgraphicsLib\jpeg</Filter>
    </ClCompile>
    <ClCompile Include="ImportCatalog.cpp">
      <Filter>Imports</Filter>
    </ClCompile>
    <ClCompile Include="ImportOffering.cpp">
      <Filter>Imports</Filter>
    </ClCompile>
    <ClCompile Include="ImportStudyPlan.cpp">
      <Filter>Imports</Filter>
    </ClCompile>
    <ClCompile Include="Actions\ActionCalculateGPA.cpp">
      <Filter>Actions</Filter>
    </ClCompile>
  </ItemGroup>
  <ItemGroup>
    <ClInclude Include="functions.h" />
    <ClInclude Include="DEFs.h" />
    <ClInclude Include="Notes.h" />
    <ClInclude Include="Registrar.h" />
    <ClInclude Include="Rules.h" />
    <ClInclude Include="StudyPlan\StudyPlan.h" />
    <ClInclude Include="Actions\exit.h" />
    <ClInclude Include="Actions\Action.h">
      <Filter>Actions</Filter>
    </ClInclude>
    <ClInclude Include="StudyPlan\AcademicYear.h">
      <Filter>Actions</Filter>
    </ClInclude>
    <ClInclude Include="Actions\ActionAddCourse.h">
      <Filter>Actions</Filter>
    </ClInclude>
    <ClInclude Include="Actions\ActionAddNotes.h">
      <Filter>Actions</Filter>
    </ClInclude>
    <ClInclude Include="Actions\ActionChangeCode.h">
      <Filter>Actions</Filter>
    </ClInclude>
    <ClInclude Include="Actions\ActionDeleteCourse.h">
      <Filter>Actions</Filter>
    </ClInclude>
    <ClInclude Include="Actions\ActionImportStudyPlan.h">
      <Filter>Actions</Filter>
    </ClInclude>
    <ClInclude Include="Actions\ActionReorder.h">
      <Filter>Actions</Filter>
    </ClInclude>
    <ClInclude Include="Actions\ActionSavePlan.h">
      <Filter>Actions</Filter>
    </ClInclude>
    <ClInclude Include="Actions\ActionShowCourseInfo.h">
      <Filter>Actions</Filter>
    </ClInclude>
    <ClInclude Include="Courses\Course.h">
      <Filter>Courses</Filter>
    </ClInclude>
    <ClInclude Include="Courses\MajorCourse.h">
      <Filter>Courses</Filter>
    </ClInclude>
    <ClInclude Include="Courses\UnivCourse.h">
      <Filter>Courses</Filter>
    </ClInclude>
    <ClInclude Include="Courses\TrackCourse.h">
      <Filter>Courses</Filter>
    </ClInclude>
    <ClInclude Include="GUI\Drawable.h">
      <Filter>GUI</Filter>
    </ClInclude>
    <ClInclude Include="GUI\GUI.h">
      <Filter>GUI</Filter>
    </ClInclude>
    <ClInclude Include="GUI\CMUgraphicsLib\image.h">
      <Filter>GUI\CMUgraphicsLib</Filter>
    </ClInclude>
    <ClInclude Include="GUI\CMUgraphicsLib\colors.h">
      <Filter>GUI\CMUgraphicsLib</Filter>
    </ClInclude>
    <ClInclude Include="GUI\CMUgraphicsLib\CMUgraphics.h">
      <Filter>GUI\CMUgraphicsLib</Filter>
    </ClInclude>
    <ClInclude Include="GUI\CMUgraphicsLib\error.h">
      <Filter>GUI\CMUgraphicsLib</Filter>
    </ClInclude>
    <ClInclude Include="GUI\CMUgraphicsLib\jpegload.h">
      <Filter>GUI\CMUgraphicsLib</Filter>
    </ClInclude>
    <ClInclude Include="GUI\CMUgraphicsLib\keyqueue.h">
      <Filter>GUI\CMUgraphicsLib</Filter>
    </ClInclude>
    <ClInclude Include="GUI\CMUgraphicsLib\mousequeue.h">
      <Filter>GUI\CMUgraphicsLib</Filter>
    </ClInclude>
    <ClInclude Include="GUI\CMUgraphicsLib\version.h">
      <Filter>GUI\CMUgraphicsLib</Filter>
    </ClInclude>
    <ClInclude Include="GUI\CMUgraphicsLib\windowinput.h">
      <Filter>GUI\CMUgraphicsLib</Filter>
    </ClInclude>
    <ClInclude Include="GUI\CMUgraphicsLib\jpeg\jconfig.h">
      <Filter>GUI\CMUgraphicsLib\jpeg</Filter>
    </ClInclude>
    <ClInclude Include="GUI\CMUgraphicsLib\jpeg\jdct.h">
      <Filter>GUI\CMUgraphicsLib\jpeg</Filter>
    </ClInclude>
    <ClInclude Include="GUI\CMUgraphicsLib\jpeg\jdhuff.h">
      <Filter>GUI\CMUgraphicsLib\jpeg</Filter>
    </ClInclude>
    <ClInclude Include="GUI\CMUgraphicsLib\jpeg\jerror.h">
      <Filter>GUI\CMUgraphicsLib\jpeg</Filter>
    </ClInclude>
    <ClInclude Include="GUI\CMUgraphicsLib\jpeg\jinclude.h">
      <Filter>GUI\CMUgraphicsLib\jpeg</Filter>
    </ClInclude>
    <ClInclude Include="GUI\CMUgraphicsLib\jpeg\jmemsys.h">
      <Filter>GUI\CMUgraphicsLib\jpeg</Filter>
    </ClInclude>
    <ClInclude Include="GUI\CMUgraphicsLib\jpeg\jmorecfg.h">
      <Filter>GUI\CMUgraphicsLib\jpeg</Filter>
    </ClInclude>
    <ClInclude Include="GUI\CMUgraphicsLib\jpeg\jpegint.h">
      <Filter>GUI\CMUgraphicsLib\jpeg</Filter>
    </ClInclude>
    <ClInclude Include="GUI\CMUgraphicsLib\jpeg\jpeglib.h">
      <Filter>GUI\CMUgraphicsLib\jpeg</Filter>
    </ClInclude>
    <ClInclude Include="GUI\CMUgraphicsLib\jpeg\jversion.h">
      <Filter>GUI\CMUgraphicsLib\jpeg</Filter>
    </ClInclude>
    <ClInclude Include="ImportCatalog.h">
      <Filter>Imports</Filter>
    </ClInclude>
    <ClInclude Include="ImportOffering.h">
      <Filter>Imports</Filter>
    </ClInclude>
    <ClInclude Include="ImportStudyPlan.h">
      <Filter>Imports</Filter>
    </ClInclude>
    <ClInclude Include="Actions\ActionCalculateGPA.h">
      <Filter>Actions</Filter>
    </ClInclude>
  </ItemGroup>
  <ItemGroup>
    <None Include="ClassDiagram.cd" />
  </ItemGroup>
  <ItemGroup>
    <Text Include="GUI\CMUgraphicsLib\Manual.txt" />
    <Text Include="GUI\CMUgraphicsLib\Readme.txt" />
  </ItemGroup>
  <ItemGroup>
    <Filter Include="Actions">
      <UniqueIdentifier>{de72a409-bb35-4be5-864c-8eca2b66f07b}</UniqueIdentifier>
    </Filter>
    <Filter Include="Courses">
      <UniqueIdentifier>{e6708987-6276-4b6e-9f74-25887f46b5e0}</UniqueIdentifier>
    </Filter>
    <Filter Include="GUI">
      <UniqueIdentifier>{414517e7-e6a9-4c81-8e08-d780f8463716}</UniqueIdentifier>
    </Filter>
    <Filter Include="GUI\CMUgraphicsLib">
      <UniqueIdentifier>{0bc7fa1f-6a5f-4c5b-b3de-f75cb1c33d6b}</UniqueIdentifier>
    </Filter>
    <Filter Include="GUI\CMUgraphicsLib\jpeg">
      <UniqueIdentifier>{944ebb2b-34eb-49ec-bccb-d208fea1524e}</UniqueIdentifier>
    </Filter>
    <Filter Include="Imports">
      <UniqueIdentifier>{9758af83-51a3-45a2-839b-764186bf6f78}</UniqueIdentifier>
    </Filter>
  </ItemGroup>
</Project>