<?xml version="1.0" encoding="utf-8"?>
<Project ToolsVersion="4.0" xmlns="http://schemas.microsoft.com/developer/msbuild/2003">
  <ItemGroup>
    <ClCompile Include="ActionAddNotes.cpp" />
    <ClCompile Include="ActionDeleteCourse.cpp" />
    <ClCompile Include="ActionSavePlan.cpp" />
    <ClCompile Include="Actions\ActionAddCourse.cpp" />
    <ClCompile Include="functions.cpp" />
    <ClCompile Include="Courses\Course.cpp" />
    <ClCompile Include="GUI\CMUgraphicsLib\CMUgraphics.cpp" />
    <ClCompile Include="GUI\CMUgraphicsLib\colors.cpp" />
    <ClCompile Include="GUI\CMUgraphicsLib\image.cpp" />
    <ClCompile Include="GUI\CMUgraphicsLib\jpegload.c" />
    <ClCompile Include="GUI\CMUgraphicsLib\jpeg\jcomapi.c" />
    <ClCompile Include="GUI\CMUgraphicsLib\jpeg\jcparam.c" />
    <ClCompile Include="GUI\CMUgraphicsLib\jpeg\jdapimin.c" />
    <ClCompile Include="GUI\CMUgraphicsLib\jpeg\jdapistd.c" />
    <ClCompile Include="GUI\CMUgraphicsLib\jpeg\jdatasrc.c" />
    <ClCompile Include="GUI\CMUgraphicsLib\jpeg\jdcoefct.c" />
    <ClCompile Include="GUI\CMUgraphicsLib\jpeg\jdcolor.c" />
    <ClCompile Include="GUI\CMUgraphicsLib\jpeg\jddctmgr.c" />
    <ClCompile Include="GUI\CMUgraphicsLib\jpeg\jdhuff.c" />
    <ClCompile Include="GUI\CMUgraphicsLib\jpeg\jdinput.c" />
    <ClCompile Include="GUI\CMUgraphicsLib\jpeg\jdmainct.c" />
    <ClCompile Include="GUI\CMUgraphicsLib\jpeg\jdmarker.c" />
    <ClCompile Include="GUI\CMUgraphicsLib\jpeg\jdmaster.c" />
    <ClCompile Include="GUI\CMUgraphicsLib\jpeg\jdmerge.c" />
    <ClCompile Include="GUI\CMUgraphicsLib\jpeg\jdphuff.c" />
    <ClCompile Include="GUI\CMUgraphicsLib\jpeg\jdpostct.c" />
    <ClCompile Include="GUI\CMUgraphicsLib\jpeg\jdsample.c" />
    <ClCompile Include="GUI\CMUgraphicsLib\jpeg\jdtrans.c" />
    <ClCompile Include="GUI\CMUgraphicsLib\jpeg\jerror.c" />
    <ClCompile Include="GUI\CMUgraphicsLib\jpeg\jidctflt.c" />
    <ClCompile Include="GUI\CMUgraphicsLib\jpeg\jidctfst.c" />
    <ClCompile Include="GUI\CMUgraphicsLib\jpeg\jidctint.c" />
    <ClCompile Include="GUI\CMUgraphicsLib\jpeg\jidctred.c" />
    <ClCompile Include="GUI\CMUgraphicsLib\jpeg\jmemmgr.c" />
    <ClCompile Include="GUI\CMUgraphicsLib\jpeg\jmemnobs.c" />
    <ClCompile Include="GUI\CMUgraphicsLib\jpeg\jquant1.c" />
    <ClCompile Include="GUI\CMUgraphicsLib\jpeg\jquant2.c" />
    <ClCompile Include="GUI\CMUgraphicsLib\jpeg\jutils.c" />
    <ClCompile Include="GUI\CMUgraphicsLib\keyqueue.cpp" />
    <ClCompile Include="GUI\CMUgraphicsLib\mousequeue.cpp" />
    <ClCompile Include="GUI\CMUgraphicsLib\windowinput.cpp" />
    <ClCompile Include="GUI\Drawable.cpp" />
    <ClCompile Include="GUI\GUI.cpp" />
    <ClCompile Include="ImportOffering.cpp" />
    <ClCompile Include="Main.cpp" />
    <ClCompile Include="Notes.cpp" />
    <ClCompile Include="Registrar.cpp" />
    <ClCompile Include="ImportCatalog.cpp" />
    <ClCompile Include="StudyPlan\AcademicYear.cpp" />
    <ClCompile Include="StudyPlan\StudyPlan.cpp" />
    <ClCompile Include="ActionAddStudyPlan.cpp" />
    <ClCompile Include="ImportStudyPlan.cpp" />
    <ClCompile Include="ActionChangeCode.cpp" />
    <ClCompile Include="ActionShowCourseInfo.cpp" />
    <ClCompile Include="ActionImportStudyPlan.cpp" />
  </ItemGroup>
  <ItemGroup>
    <ClInclude Include="ActionAddNotes.h" />
    <ClInclude Include="ActionDeleteCourse.h" />
    <ClInclude Include="ActionSavePlan.h" />
    <ClInclude Include="Actions\Action.h" />
    <ClInclude Include="Actions\ActionAddCourse.h" />
    <ClInclude Include="Courses\Course.h" />
    <ClInclude Include="functions.h" />
    <ClInclude Include="GUI\CMUgraphicsLib\CMUgraphics.h" />
    <ClInclude Include="GUI\CMUgraphicsLib\colors.h" />
    <ClInclude Include="GUI\CMUgraphicsLib\error.h" />
    <ClInclude Include="GUI\CMUgraphicsLib\image.h" />
    <ClInclude Include="GUI\CMUgraphicsLib\jpegload.h" />
    <ClInclude Include="GUI\CMUgraphicsLib\jpeg\jconfig.h" />
    <ClInclude Include="GUI\CMUgraphicsLib\jpeg\jdct.h" />
    <ClInclude Include="GUI\CMUgraphicsLib\jpeg\jdhuff.h" />
    <ClInclude Include="GUI\CMUgraphicsLib\jpeg\jerror.h" />
    <ClInclude Include="GUI\CMUgraphicsLib\jpeg\jinclude.h" />
    <ClInclude Include="GUI\CMUgraphicsLib\jpeg\jmemsys.h" />
    <ClInclude Include="GUI\CMUgraphicsLib\jpeg\jmorecfg.h" />
    <ClInclude Include="GUI\CMUgraphicsLib\jpeg\jpegint.h" />
    <ClInclude Include="GUI\CMUgraphicsLib\jpeg\jpeglib.h" />
    <ClInclude Include="GUI\CMUgraphicsLib\jpeg\jversion.h" />
    <ClInclude Include="GUI\CMUgraphicsLib\keyqueue.h" />
    <ClInclude Include="GUI\CMUgraphicsLib\mousequeue.h" />
    <ClInclude Include="GUI\CMUgraphicsLib\version.h" />
    <ClInclude Include="GUI\CMUgraphicsLib\windowinput.h" />
    <ClInclude Include="GUI\Drawable.h" />
    <ClInclude Include="GUI\GUI.h" />
    <ClInclude Include="DEFs.h" />
    <ClInclude Include="ImportCatalog.h" />
    <ClInclude Include="ImportOffering.h" />
    <ClInclude Include="Notes.h" />
    <ClInclude Include="Registrar.h" />
    <ClInclude Include="Rules.h" />
    <ClInclude Include="StudyPlan\AcademicYear.h" />
    <ClInclude Include="StudyPlan\StudyPlan.h" />
    <ClInclude Include="ActionAddStudyPlan.h" />
    <ClInclude Include="ImportStudyPlan.h" />
    <ClInclude Include="ActionChangeCode.h" />
    <ClInclude Include="ActionShowCourseInfo.h" />
    <ClInclude Include="ActionImportStudyPlan.h" />
  </ItemGroup>
  <ItemGroup>
    <None Include="ClassDiagram.cd" />
  </ItemGroup>
  <ItemGroup>
    <Text Include="GUI\CMUgraphicsLib\Manual.txt" />
    <Text Include="GUI\CMUgraphicsLib\Readme.txt" />
  </ItemGroup>
</Project>